
Microsoft Visual Studio Solution File, Format Version 12.00
Project("{FAE04EC0-301F-11D3-BF4B-00C04F79EFBC}") = "MVC", "MVC\MVC.csproj", "{C020577C-E482-4B7D-9130-2BFDB79035DF}"
EndProject
Project("{FAE04EC0-301F-11D3-BF4B-00C04F79EFBC}") = "RatingProj", "RatingProj\RatingProj.csproj", "{2E476017-6281-44A2-8328-54F3183446EC}"
EndProject
Global
	GlobalSection(SolutionConfigurationPlatforms) = preSolution
		Debug|Any CPU = Debug|Any CPU
		Release|Any CPU = Release|Any CPU
	EndGlobalSection
	GlobalSection(ProjectConfigurationPlatforms) = postSolution
		{C020577C-E482-4B7D-9130-2BFDB79035DF}.Debug|Any CPU.ActiveCfg = Debug|Any CPU
		{C020577C-E482-4B7D-9130-2BFDB79035DF}.Debug|Any CPU.Build.0 = Debug|Any CPU
		{C020577C-E482-4B7D-9130-2BFDB79035DF}.Release|Any CPU.ActiveCfg = Release|Any CPU
		{C020577C-E482-4B7D-9130-2BFDB79035DF}.Release|Any CPU.Build.0 = Release|Any CPU
		{2E476017-6281-44A2-8328-54F3183446EC}.Debug|Any CPU.ActiveCfg = Debug|Any CPU
		{2E476017-6281-44A2-8328-54F3183446EC}.Debug|Any CPU.Build.0 = Debug|Any CPU
		{2E476017-6281-44A2-8328-54F3183446EC}.Release|Any CPU.ActiveCfg = Release|Any CPU
		{2E476017-6281-44A2-8328-54F3183446EC}.Release|Any CPU.Build.0 = Release|Any CPU
	EndGlobalSection
EndGlobal
